{
  "name": "allure-commandline",
  "version": "2.32.2",
  "lockfileVersion": 3,
  "requires": true,
  "packages": {
    "": {
      "name": "allure-commandline",
      "version": "2.32.2",
      "license": "Apache-2.0",
      "dependencies": {
        "batspawn": "^1.0.1"
      },
      "bin": {
        "allure": "bin/allure"
      }
    },
    "node_modules/batspawn": {
      "version": "1.0.1",
      "resolved": "https://registry.npmjs.org/batspawn/-/batspawn-1.0.1.tgz",
      "integrity": "sha512-+pHM1Oq6kOKZnYX6ZmdzDGZLfPi6tiaspSOxvFHhiDFcRiCHFP6atdTEqa8pyPzZ1GebCZtr1AgO1k2tnPoHXA==",
      "license": "MIT"
    }
  }
}
